
Microsoft Visual Studio Solution File, Format Version 12.00
# Visual Studio Version 16
VisualStudioVersion = 16.0.31727.386
MinimumVisualStudioVersion = 10.0.40219.1
Project("{FAE04EC0-301F-11D3-BF4B-00C04F79EFBC}") = "CMPG223GroupProject", "CMPG223GroupProject.csproj", "{D53661EF-4315-4F1A-91B8-3093B22647C6}"
EndProject
Global
	GlobalSection(SolutionConfigurationPlatforms) = preSolution
		Debug|Any CPU = Debug|Any CPU
		Release|Any CPU = Release|Any CPU
	EndGlobalSection
	GlobalSection(ProjectConfigurationPlatforms) = postSolution
		{D53661EF-4315-4F1A-91B8-3093B22647C6}.Debug|Any CPU.ActiveCfg = Debug|Any CPU
		{D53661EF-4315-4F1A-91B8-3093B22647C6}.Debug|Any CPU.Build.0 = Debug|Any CPU
		{D53661EF-4315-4F1A-91B8-3093B22647C6}.Release|Any CPU.ActiveCfg = Release|Any CPU
		{D53661EF-4315-4F1A-91B8-3093B22647C6}.Release|Any CPU.Build.0 = Release|Any CPU
	EndGlobalSection
	GlobalSection(SolutionProperties) = preSolution
		HideSolutionNode = FALSE
	EndGlobalSection
	GlobalSection(ExtensibilityGlobals) = postSolution
		SolutionGuid = {443BB9EB-0414-42B2-8A36-21574B65B50E}
	EndGlobalSection
EndGlobal
